// !$*UTF8*$!
{
	archiveVersion = 1;
	classes = {
	};
	objectVersion = 46;
	objects = {

/* Begin PBXBuildFile section */
		522EA12D1B0E8539002933B3 /* AppDelegate.swift in Sources */ = {isa = PBXBuildFile; fileRef = 522EA12C1B0E8539002933B3 /* AppDelegate.swift */; };
		522EA12F1B0E8539002933B3 /* ViewController.swift in Sources */ = {isa = PBXBuildFile; fileRef = 522EA12E1B0E8539002933B3 /* ViewController.swift */; };
		522EA1321B0E8539002933B3 /* Main.storyboard in Resources */ = {isa = PBXBuildFile; fileRef = 522EA1301B0E8539002933B3 /* Main.storyboard */; };
		522EA1341B0E8539002933B3 /* Images.xcassets in Resources */ = {isa = PBXBuildFile; fileRef = 522EA1331B0E8539002933B3 /* Images.xcassets */; };
		522EA1371B0E8539002933B3 /* LaunchScreen.xib in Resources */ = {isa = PBXBuildFile; fileRef = 522EA1351B0E8539002933B3 /* LaunchScreen.xib */; };
		522EA1431B0E8539002933B3 /* SlotMachineTests.swift in Sources */ = {isa = PBXBuildFile; fileRef = 522EA1421B0E8539002933B3 /* SlotMachineTests.swift */; };
		5288289E1B0EC7DE000F1413 /* Slot.swift in Sources */ = {isa = PBXBuildFile; fileRef = 5288289D1B0EC7DE000F1413 /* Slot.swift */; };
		528828A01B0EC8DF000F1413 /* Factory.swift in Sources */ = {isa = PBXBuildFile; fileRef = 5288289F1B0EC8DF000F1413 /* Factory.swift */; };
/* End PBXBuildFile section */

/* Begin PBXContainerItemProxy section */
		522EA13D1B0E8539002933B3 /* PBXContainerItemProxy */ = {
			isa = PBXContainerItemProxy;
			containerPortal = 522EA11F1B0E8539002933B3 /* Project object */;
			proxyType = 1;
			remoteGlobalIDString = 522EA1261B0E8539002933B3;
			remoteInfo = SlotMachine;
		};
/* End PBXContainerItemProxy section */

/* Begin PBXFileReference section */
		522EA1271B0E8539002933B3 /* SlotMachine.app */ = {isa = PBXFileReference; explicitFileType = wrapper.application; includeInIndex = 0; path = SlotMachine.app; sourceTree = BUILT_PRODUCTS_DIR; };
		522EA12B1B0E8539002933B3 /* Info.plist */ = {isa = PBXFileReference; lastKnownFileType = text.plist.xml; path = Info.plist; sourceTree = "<group>"; };
		522EA12C1B0E8539002933B3 /* AppDelegate.swift */ = {isa = PBXFileReference; lastKnownFileType = sourcecode.swift; path = AppDelegate.swift; sourceTree = "<group>"; };
		522EA12E1B0E8539002933B3 /* ViewController.swift */ = {isa = PBXFileReference; lastKnownFileType = sourcecode.swift; path = ViewController.swift; sourceTree = "<group>"; };
		522EA1311B0E8539002933B3 /* Base */ = {isa = PBXFileReference; lastKnownFileType = file.storyboard; name = Base; path = Base.lproj/Main.storyboard; sourceTree = "<group>"; };
		522EA1331B0E8539002933B3 /* Images.xcassets */ = {isa = PBXFileReference; lastKnownFileType = folder.assetcatalog; path = Images.xcassets; sourceTree = "<group>"; };
		522EA1361B0E8539002933B3 /* Base */ = {isa = PBXFileReference; lastKnownFileType = file.xib; name = Base; path = Base.lproj/LaunchScreen.xib; sourceTree = "<group>"; };
		522EA13C1B0E8539002933B3 /* SlotMachineTests.xctest */ = {isa = PBXFileReference; explicitFileType = wrapper.cfbundle; includeInIndex = 0; path = SlotMachineTests.xctest; sourceTree = BUILT_PRODUCTS_DIR; };
		522EA1411B0E8539002933B3 /* Info.plist */ = {isa = PBXFileReference; lastKnownFileType = text.plist.xml; path = Info.plist; sourceTree = "<group>"; };
		522EA1421B0E8539002933B3 /* SlotMachineTests.swift */ = {isa = PBXFileReference; lastKnownFileType = sourcecode.swift; path = SlotMachineTests.swift; sourceTree = "<group>"; };
		5288289D1B0EC7DE000F1413 /* Slot.swift */ = {isa = PBXFileReference; fileEncoding = 4; lastKnownFileType = sourcecode.swift; path = Slot.swift; sourceTree = "<group>"; };
		5288289F1B0EC8DF000F1413 /* Factory.swift */ = {isa = PBXFileReference; fileEncoding = 4; lastKnownFileType = sourcecode.swift; path = Factory.swift; sourceTree = "<group>"; };
/* End PBXFileReference section */

/* Begin PBXFrameworksBuildPhase section */
		522EA1241B0E8539002933B3 /* Frameworks */ = {
			isa = PBXFrameworksBuildPhase;
			buildActionMask = 2147483647;
			files = (
			);
			runOnlyForDeploymentPostprocessing = 0;
		};
		522EA1391B0E8539002933B3 /* Frameworks */ = {
			isa = PBXFrameworksBuildPhase;
			buildActionMask = 2147483647;
			files = (
			);
			runOnlyForDeploymentPostprocessing = 0;
		};
/* End PBXFrameworksBuildPhase section */

/* Begin PBXGroup section */
		522EA11E1B0E8539002933B3 = {
			isa = PBXGroup;
			children = (
				522EA1291B0E8539002933B3 /* SlotMachine */,
				522EA13F1B0E8539002933B3 /* SlotMachineTests */,
				522EA1281B0E8539002933B3 /* Products */,
			);
			sourceTree = "<group>";
		};
		522EA1281B0E8539002933B3 /* Products */ = {
			isa = PBXGroup;
			children = (
				522EA1271B0E8539002933B3 /* SlotMachine.app */,
				522EA13C1B0E8539002933B3 /* SlotMachineTests.xctest */,
			);
			name = Products;
			sourceTree = "<group>";
		};
		522EA1291B0E8539002933B3 /* SlotMachine */ = {
			isa = PBXGroup;
			children = (
				522EA12C1B0E8539002933B3 /* AppDelegate.swift */,
				522EA12E1B0E8539002933B3 /* ViewController.swift */,
				5288289D1B0EC7DE000F1413 /* Slot.swift */,
				522EA1301B0E8539002933B3 /* Main.storyboard */,
				522EA1331B0E8539002933B3 /* Images.xcassets */,
				5288289F1B0EC8DF000F1413 /* Factory.swift */,
				522EA1351B0E8539002933B3 /* LaunchScreen.xib */,
				522EA12A1B0E8539002933B3 /* Supporting Files */,
			);
			path = SlotMachine;
			sourceTree = "<group>";
		};
		522EA12A1B0E8539002933B3 /* Supporting Files */ = {
			isa = PBXGroup;
			children = (
				522EA12B1B0E8539002933B3 /* Info.plist */,
			);
			name = "Supporting Files";
			sourceTree = "<group>";
		};
		522EA13F1B0E8539002933B3 /* SlotMachineTests */ = {
			isa = PBXGroup;
			children = (
				522EA1421B0E8539002933B3 /* SlotMachineTests.swift */,
				522EA1401B0E8539002933B3 /* Supporting Files */,
			);
			path = SlotMachineTests;
			sourceTree = "<group>";
		};
		522EA1401B0E8539002933B3 /* Supporting Files */ = {
			isa = PBXGroup;
			children = (
				522EA1411B0E8539002933B3 /* Info.plist */,
			);
			name = "Supporting Files";
			sourceTree = "<group>";
		};
/* End PBXGroup section */

/* Begin PBXNativeTarget section */
		522EA1261B0E8539002933B3 /* SlotMachine */ = {
			isa = PBXNativeTarget;
			buildConfigurationList = 522EA1461B0E8539002933B3 /* Build configuration list for PBXNativeTarget "SlotMachine" */;
			buildPhases = (
				522EA1231B0E8539002933B3 /* Sources */,
				522EA1241B0E8539002933B3 /* Frameworks */,
				522EA1251B0E8539002933B3 /* Resources */,
			);
			buildRules = (
			);
			dependencies = (
			);
			name = SlotMachine;
			productName = SlotMachine;
			productReference = 522EA1271B0E8539002933B3 /* SlotMachine.app */;
			productType = "com.apple.product-type.application";
		};
		522EA13B1B0E8539002933B3 /* SlotMachineTests */ = {
			isa = PBXNativeTarget;
			buildConfigurationList = 522EA1491B0E8539002933B3 /* Build configuration list for PBXNativeTarget "SlotMachineTests" */;
			buildPhases = (
				522EA1381B0E8539002933B3 /* Sources */,
				522EA1391B0E8539002933B3 /* Frameworks */,
				522EA13A1B0E8539002933B3 /* Resources */,
			);
			buildRules = (
			);
			dependencies = (
				522EA13E1B0E8539002933B3 /* PBXTargetDependency */,
			);
			name = SlotMachineTests;
			productName = SlotMachineTests;
			productReference = 522EA13C1B0E8539002933B3 /* SlotMachineTests.xctest */;
			productType = "com.apple.product-type.bundle.unit-test";
		};
/* End PBXNativeTarget section */

/* Begin PBXProject section */
		522EA11F1B0E8539002933B3 /* Project object */ = {
			isa = PBXProject;
			attributes = {
				LastUpgradeCheck = 0630;
				ORGANIZATIONNAME = RegalsWeb;
				TargetAttributes = {
					522EA1261B0E8539002933B3 = {
						CreatedOnToolsVersion = 6.3.1;
						DevelopmentTeam = JJ7SE7WDFM;
					};
					522EA13B1B0E8539002933B3 = {
						CreatedOnToolsVersion = 6.3.1;
						TestTargetID = 522EA1261B0E8539002933B3;
					};
				};
			};
			buildConfigurationList = 522EA1221B0E8539002933B3 /* Build configuration list for PBXProject "SlotMachine" */;
			compatibilityVersion = "Xcode 3.2";
			developmentRegion = English;
			hasScannedForEncodings = 0;
			knownRegions = (
				en,
				Base,
			);
			mainGroup = 522EA11E1B0E8539002933B3;
			productRefGroup = 522EA1281B0E8539002933B3 /* Products */;
			projectDirPath = "";
			projectRoot = "";
			targets = (
				522EA1261B0E8539002933B3 /* SlotMachine */,
				522EA13B1B0E8539002933B3 /* SlotMachineTests */,
			);
		};
/* End PBXProject section */

/* Begin PBXResourcesBuildPhase section */
		522EA1251B0E8539002933B3 /* Resources */ = {
			isa = PBXResourcesBuildPhase;
			buildActionMask = 2147483647;
			files = (
				522EA1321B0E8539002933B3 /* Main.storyboard in Resources */,
				522EA1371B0E8539002933B3 /* LaunchScreen.xib in Resources */,
				522EA1341B0E8539002933B3 /* Images.xcassets in Resources */,
			);
			runOnlyForDeploymentPostprocessing = 0;
		};
		522EA13A1B0E8539002933B3 /* Resources */ = {
			isa = PBXResourcesBuildPhase;
			buildActionMask = 2147483647;
			files = (
			);
			runOnlyForDeploymentPostprocessing = 0;
		};
/* End PBXResourcesBuildPhase section */

/* Begin PBXSourcesBuildPhase section */
		522EA1231B0E8539002933B3 /* Sources */ = {
			isa = PBXSourcesBuildPhase;
			buildActionMask = 2147483647;
			files = (
				528828A01B0EC8DF000F1413 /* Factory.swift in Sources */,
				522EA12F1B0E8539002933B3 /* ViewController.swift in Sources */,
				5288289E1B0EC7DE000F1413 /* Slot.swift in Sources */,
				522EA12D1B0E8539002933B3 /* AppDelegate.swift in Sources */,
			);
			runOnlyForDeploymentPostprocessing = 0;
		};
		522EA1381B0E8539002933B3 /* Sources */ = {
			isa = PBXSourcesBuildPhase;
			buildActionMask = 2147483647;
			files = (
				522EA1431B0E8539002933B3 /* SlotMachineTests.swift in Sources */,
			);
			runOnlyForDeploymentPostprocessing = 0;
		};
/* End PBXSourcesBuildPhase section */

/* Begin PBXTargetDependency section */
		522EA13E1B0E8539002933B3 /* PBXTargetDependency */ = {
			isa = PBXTargetDependency;
			target = 522EA1261B0E8539002933B3 /* SlotMachine */;
			targetProxy = 522EA13D1B0E8539002933B3 /* PBXContainerItemProxy */;
		};
/* End PBXTargetDependency section */

/* Begin PBXVariantGroup section */
		522EA1301B0E8539002933B3 /* Main.storyboard */ = {
			isa = PBXVariantGroup;
			children = (
				522EA1311B0E8539002933B3 /* Base */,
			);
			name = Main.storyboard;
			sourceTree = "<group>";
		};
		522EA1351B0E8539002933B3 /* LaunchScreen.xib */ = {
			isa = PBXVariantGroup;
			children = (
				522EA1361B0E8539002933B3 /* Base */,
			);
			name = LaunchScreen.xib;
			sourceTree = "<group>";
		};
/* End PBXVariantGroup section */

/* Begin XCBuildConfiguration section */
		522EA1441B0E8539002933B3 /* Debug */ = {
			isa = XCBuildConfiguration;
			buildSettings = {
				ALWAYS_SEARCH_USER_PATHS = NO;
				CLANG_CXX_LANGUAGE_STANDARD = "gnu++0x";
				CLANG_CXX_LIBRARY = "libc++";
				CLANG_ENABLE_MODULES = YES;
				CLANG_ENABLE_OBJC_ARC = YES;
				CLANG_WARN_BOOL_CONVERSION = YES;
				CLANG_WARN_CONSTANT_CONVERSION = YES;
				CLANG_WARN_DIRECT_OBJC_ISA_USAGE = YES_ERROR;
				CLANG_WARN_EMPTY_BODY = YES;
				CLANG_WARN_ENUM_CONVERSION = YES;
				CLANG_WARN_INT_CONVERSION = YES;
				CLANG_WARN_OBJC_ROOT_CLASS = YES_ERROR;
				CLANG_WARN_UNREACHABLE_CODE = YES;
				CLANG_WARN__DUPLICATE_METHOD_MATCH = YES;
				"CODE_SIGN_IDENTITY[sdk=iphoneos*]" = "iPhone Developer";
				COPY_PHASE_STRIP = NO;
				DEBUG_INFORMATION_FORMAT = "dwarf-with-dsym";
				ENABLE_STRICT_OBJC_MSGSEND = YES;
				GCC_C_LANGUAGE_STANDARD = gnu99;
				GCC_DYNAMIC_NO_PIC = NO;
				GCC_NO_COMMON_BLOCKS = YES;
				GCC_OPTIMIZATION_LEVEL = 0;
				GCC_PREPROCESSOR_DEFINITIONS = (
					"DEBUG=1",
					"$(inherited)",
				);
				GCC_SYMBOLS_PRIVATE_EXTERN = NO;
				GCC_WARN_64_TO_32_BIT_CONVERSION = YES;
				GCC_WARN_ABOUT_RETURN_TYPE = YES_ERROR;
				GCC_WARN_UNDECLARED_SELECTOR = YES;
				GCC_WARN_UNINITIALIZED_AUTOS = YES_AGGRESSIVE;
				GCC_WARN_UNUSED_FUNCTION = YES;
				GCC_WARN_UNUSED_VARIABLE = YES;
				IPHONEOS_DEPLOYMENT_TARGET = 8.3;
				MTL_ENABLE_DEBUG_INFO = YES;
				ONLY_ACTIVE_ARCH = YES;
				SDKROOT = iphoneos;
				SWIFT_OPTIMIZATION_LEVEL = "-Onone";
				TARGETED_DEVICE_FAMILY = "1,2";
			};
			name = Debug;
		};
		522EA1451B0E8539002933B3 /* Release */ = {
			isa = XCBuildConfiguration;
			buildSettings = {
				ALWAYS_SEARCH_USER_PATHS = NO;
				CLANG_CXX_LANGUAGE_STANDARD = "gnu++0x";
				CLANG_CXX_LIBRARY = "libc++";
				CLANG_ENABLE_MODULES = YES;
				CLANG_ENABLE_OBJC_ARC = YES;
				CLANG_WARN_BOOL_CONVERSION = YES;
				CLANG_WARN_CONSTANT_CONVERSION = YES;
				CLANG_WARN_DIRECT_OBJC_ISA_USAGE = YES_ERROR;
				CLANG_WARN_EMPTY_BODY = YES;
				CLANG_WARN_ENUM_CONVERSION = YES;
				CLANG_WARN_INT_CONVERSION = YES;
				CLANG_WARN_OBJC_ROOT_CLASS = YES_ERROR;
				CLANG_WARN_UNREACHABLE_CODE = YES;
				CLANG_WARN__DUPLICATE_METHOD_MATCH = YES;
				"CODE_SIGN_IDENTITY[sdk=iphoneos*]" = "iPhone Developer";
				COPY_PHASE_STRIP = NO;
				DEBUG_INFORMATION_FORMAT = "dwarf-with-dsym";
				ENABLE_NS_ASSERTIONS = NO;
				ENABLE_STRICT_OBJC_MSGSEND = YES;
				GCC_C_LANGUAGE_STANDARD = gnu99;
				GCC_NO_COMMON_BLOCKS = YES;
				GCC_WARN_64_TO_32_BIT_CONVERSION = YES;
				GCC_WARN_ABOUT_RETURN_TYPE = YES_ERROR;
				GCC_WARN_UNDECLARED_SELECTOR = YES;
				GCC_WARN_UNINITIALIZED_AUTOS = YES_AGGRESSIVE;
				GCC_WARN_UNUSED_FUNCTION = YES;
				GCC_WARN_UNUSED_VARIABLE = YES;
				IPHONEOS_DEPLOYMENT_TARGET = 8.3;
				MTL_ENABLE_DEBUG_INFO = NO;
				SDKROOT = iphoneos;
				TARGETED_DEVICE_FAMILY = "1,2";
				VALIDATE_PRODUCT = YES;
			};
			name = Release;
		};
		522EA1471B0E8539002933B3 /* Debug */ = {
			isa = XCBuildConfiguration;
			buildSettings = {
				ASSETCATALOG_COMPILER_APPICON_NAME = AppIcon;
				CODE_SIGN_IDENTITY = "iPhone Developer";
				"CODE_SIGN_IDENTITY[sdk=iphoneos*]" = "iPhone Developer";
				INFOPLIST_FILE = SlotMachine/Info.plist;
				LD_RUNPATH_SEARCH_PATHS = "$(inherited) @executable_path/Frameworks";
				PRODUCT_NAME = "$(TARGET_NAME)";
				PROVISIONING_PROFILE = "";
			};
			name = Debug;
		};
		522EA1481B0E8539002933B3 /* Release */ = {
			isa = XCBuildConfiguration;
			buildSettings = {
				ASSETCATALOG_COMPILER_APPICON_NAME = AppIcon;
				CODE_SIGN_IDENTITY = "iPhone Developer";
				"CODE_SIGN_IDENTITY[sdk=iphoneos*]" = "iPhone Developer";
				INFOPLIST_FILE = SlotMachine/Info.plist;
				LD_RUNPATH_SEARCH_PATHS = "$(inherited) @executable_path/Frameworks";
				PRODUCT_NAME = "$(TARGET_NAME)";
				PROVISIONING_PROFILE = "";
			};
			name = Release;
		};
		522EA14A1B0E8539002933B3 /* Debug */ = {
			isa = XCBuildConfiguration;
			buildSettings = {
				BUNDLE_LOADER = "$(TEST_HOST)";
				FRAMEWORK_SEARCH_PATHS = (
					"$(SDKROOT)/Developer/Library/Frameworks",
					"$(inherited)",
				);
				GCC_PREPROCESSOR_DEFINITIONS = (
					"DEBUG=1",
					"$(inherited)",
				);
				INFOPLIST_FILE = SlotMachineTests/Info.plist;
				LD_RUNPATH_SEARCH_PATHS = "$(inherited) @executable_path/Frameworks @loader_path/Frameworks";
				PRODUCT_NAME = "$(TARGET_NAME)";
				TEST_HOST = "$(BUILT_PRODUCTS_DIR)/SlotMachine.app/SlotMachine";
			};
			name = Debug;
		};
		522EA14B1B0E8539002933B3 /* Release */ = {
			isa = XCBuildConfiguration;
			buildSettings = {
				BUNDLE_LOADER = "$(TEST_HOST)";
				FRAMEWORK_SEARCH_PATHS = (
					"$(SDKROOT)/Developer/Library/Frameworks",
					"$(inherited)",
				);
				INFOPLIST_FILE = SlotMachineTests/Info.plist;
				LD_RUNPATH_SEARCH_PATHS = "$(inherited) @executable_path/Frameworks @loader_path/Frameworks";
				PRODUCT_NAME = "$(TARGET_NAME)";
				TEST_HOST = "$(BUILT_PRODUCTS_DIR)/SlotMachine.app/SlotMachine";
			};
			name = Release;
		};
/* End XCBuildConfiguration section */

/* Begin XCConfigurationList section */
		522EA1221B0E8539002933B3 /* Build configuration list for PBXProject "SlotMachine" */ = {
			isa = XCConfigurationList;
			buildConfigurations = (
				522EA1441B0E8539002933B3 /* Debug */,
				522EA1451B0E8539002933B3 /* Release */,
			);
			defaultConfigurationIsVisible = 0;
			defaultConfigurationName = Release;
		};
		522EA1461B0E8539002933B3 /* Build configuration list for PBXNativeTarget "SlotMachine" */ = {
			isa = XCConfigurationList;
			buildConfigurations = (
				522EA1471B0E8539002933B3 /* Debug */,
				522EA1481B0E8539002933B3 /* Release */,
			);
			defaultConfigurationIsVisible = 0;
			defaultConfigurationName = Release;
		};
		522EA1491B0E8539002933B3 /* Build configuration list for PBXNativeTarget "SlotMachineTests" */ = {
			isa = XCConfigurationList;
			buildConfigurations = (
				522EA14A1B0E8539002933B3 /* Debug */,
				522EA14B1B0E8539002933B3 /* Release */,
			);
			defaultConfigurationIsVisible = 0;
			defaultConfigurationName = Release;
		};
/* End XCConfigurationList section */
	};
	rootObject = 522EA11F1B0E8539002933B3 /* Project object */;
}
